// !$*UTF8*$!
{
	archiveVersion = 1;
	classes = {
	};
	objectVersion = 46;
	objects = {

/* Begin PBXBuildFile section */
		2DD06D291BFAAB7D0028E2F5 /* AppDelegate.swift in Sources */ = {isa = PBXBuildFile; fileRef = 2DD06D281BFAAB7D0028E2F5 /* AppDelegate.swift */; };
		2DD06D2B1BFAAB7D0028E2F5 /* MasterViewController.swift in Sources */ = {isa = PBXBuildFile; fileRef = 2DD06D2A1BFAAB7D0028E2F5 /* MasterViewController.swift */; };
		2DD06D2D1BFAAB7D0028E2F5 /* DetailViewController.swift in Sources */ = {isa = PBXBuildFile; fileRef = 2DD06D2C1BFAAB7D0028E2F5 /* DetailViewController.swift */; };
		2DD06D301BFAAB7D0028E2F5 /* Main.storyboard in Resources */ = {isa = PBXBuildFile; fileRef = 2DD06D2E1BFAAB7D0028E2F5 /* Main.storyboard */; };
		2DD06D321BFAAB7D0028E2F5 /* Assets.xcassets in Resources */ = {isa = PBXBuildFile; fileRef = 2DD06D311BFAAB7D0028E2F5 /* Assets.xcassets */; };
		2DD06D351BFAAB7D0028E2F5 /* LaunchScreen.storyboard in Resources */ = {isa = PBXBuildFile; fileRef = 2DD06D331BFAAB7D0028E2F5 /* LaunchScreen.storyboard */; };
/* End PBXBuildFile section */

/* Begin PBXFileReference section */
		2DD06D251BFAAB7D0028E2F5 /* SwiftExample06.app */ = {isa = PBXFileReference; explicitFileType = wrapper.application; includeInIndex = 0; path = SwiftExample06.app; sourceTree = BUILT_PRODUCTS_DIR; };
		2DD06D281BFAAB7D0028E2F5 /* AppDelegate.swift */ = {isa = PBXFileReference; lastKnownFileType = sourcecode.swift; path = AppDelegate.swift; sourceTree = "<group>"; };
		2DD06D2A1BFAAB7D0028E2F5 /* MasterViewController.swift */ = {isa = PBXFileReference; lastKnownFileType = sourcecode.swift; path = MasterViewController.swift; sourceTree = "<group>"; };
		2DD06D2C1BFAAB7D0028E2F5 /* DetailViewController.swift */ = {isa = PBXFileReference; lastKnownFileType = sourcecode.swift; path = DetailViewController.swift; sourceTree = "<group>"; };
		2DD06D2F1BFAAB7D0028E2F5 /* Base */ = {isa = PBXFileReference; lastKnownFileType = file.storyboard; name = Base; path = Base.lproj/Main.storyboard; sourceTree = "<group>"; };
		2DD06D311BFAAB7D0028E2F5 /* Assets.xcassets */ = {isa = PBXFileReference; lastKnownFileType = folder.assetcatalog; path = Assets.xcassets; sourceTree = "<group>"; };
		2DD06D341BFAAB7D0028E2F5 /* Base */ = {isa = PBXFileReference; lastKnownFileType = file.storyboard; name = Base; path = Base.lproj/LaunchScreen.storyboard; sourceTree = "<group>"; };
		2DD06D361BFAAB7D0028E2F5 /* Info.plist */ = {isa = PBXFileReference; lastKnownFileType = text.plist.xml; path = Info.plist; sourceTree = "<group>"; };
/* End PBXFileReference section */

/* Begin PBXFrameworksBuildPhase section */
		2DD06D221BFAAB7D0028E2F5 /* Frameworks */ = {
			isa = PBXFrameworksBuildPhase;
			buildActionMask = 2147483647;
			files = (
			);
			runOnlyForDeploymentPostprocessing = 0;
		};
/* End PBXFrameworksBuildPhase section */

/* Begin PBXGroup section */
		2DD06D1C1BFAAB7D0028E2F5 = {
			isa = PBXGroup;
			children = (
				2DD06D271BFAAB7D0028E2F5 /* SwiftExample06 */,
				2DD06D261BFAAB7D0028E2F5 /* Products */,
			);
			sourceTree = "<group>";
		};
		2DD06D261BFAAB7D0028E2F5 /* Products */ = {
			isa = PBXGroup;
			children = (
				2DD06D251BFAAB7D0028E2F5 /* SwiftExample06.app */,
			);
			name = Products;
			sourceTree = "<group>";
		};
		2DD06D271BFAAB7D0028E2F5 /* SwiftExample06 */ = {
			isa = PBXGroup;
			children = (
				2DD06D281BFAAB7D0028E2F5 /* AppDelegate.swift */,
				2DD06D2A1BFAAB7D0028E2F5 /* MasterViewController.swift */,
				2DD06D2C1BFAAB7D0028E2F5 /* DetailViewController.swift */,
				2DD06D2E1BFAAB7D0028E2F5 /* Main.storyboard */,
				2DD06D311BFAAB7D0028E2F5 /* Assets.xcassets */,
				2DD06D331BFAAB7D0028E2F5 /* LaunchScreen.storyboard */,
				2DD06D361BFAAB7D0028E2F5 /* Info.plist */,
			);
			path = SwiftExample06;
			sourceTree = "<group>";
		};
/* End PBXGroup section */

/* Begin PBXNativeTarget section */
		2DD06D241BFAAB7D0028E2F5 /* SwiftExample06 */ = {
			isa = PBXNativeTarget;
			buildConfigurationList = 2DD06D391BFAAB7D0028E2F5 /* Build configuration list for PBXNativeTarget "SwiftExample06" */;
			buildPhases = (
				2DD06D211BFAAB7D0028E2F5 /* Sources */,
				2DD06D221BFAAB7D0028E2F5 /* Frameworks */,
				2DD06D231BFAAB7D0028E2F5 /* Resources */,
			);
			buildRules = (
			);
			dependencies = (
			);
			name = SwiftExample06;
			productName = SwiftExample06;
			productReference = 2DD06D251BFAAB7D0028E2F5 /* SwiftExample06.app */;
			productType = "com.apple.product-type.application";
		};
/* End PBXNativeTarget section */

/* Begin PBXProject section */
		2DD06D1D1BFAAB7D0028E2F5 /* Project object */ = {
			isa = PBXProject;
			attributes = {
				LastSwiftUpdateCheck = 0710;
				LastUpgradeCheck = 0710;
				ORGANIZATIONNAME = "elif ece arslan";
				TargetAttributes = {
					2DD06D241BFAAB7D0028E2F5 = {
						CreatedOnToolsVersion = 7.1.1;
					};
				};
			};
			buildConfigurationList = 2DD06D201BFAAB7D0028E2F5 /* Build configuration list for PBXProject "SwiftExample06" */;
			compatibilityVersion = "Xcode 3.2";
			developmentRegion = English;
			hasScannedForEncodings = 0;
			knownRegions = (
				en,
				Base,
			);
			mainGroup = 2DD06D1C1BFAAB7D0028E2F5;
			productRefGroup = 2DD06D261BFAAB7D0028E2F5 /* Products */;
			projectDirPath = "";
			projectRoot = "";
			targets = (
				2DD06D241BFAAB7D0028E2F5 /* SwiftExample06 */,
			);
		};
/* End PBXProject section */

/* Begin PBXResourcesBuildPhase section */
		2DD06D231BFAAB7D0028E2F5 /* Resources */ = {
			isa = PBXResourcesBuildPhase;
			buildActionMask = 2147483647;
			files = (
				2DD06D351BFAAB7D0028E2F5 /* LaunchScreen.storyboard in Resources */,
				2DD06D321BFAAB7D0028E2F5 /* Assets.xcassets in Resources */,
				2DD06D301BFAAB7D0028E2F5 /* Main.storyboard in Resources */,
			);
			runOnlyForDeploymentPostprocessing = 0;
		};
/* End PBXResourcesBuildPhase section */

/* Begin PBXSourcesBuildPhase section */
		2DD06D211BFAAB7D0028E2F5 /* Sources */ = {
			isa = PBXSourcesBuildPhase;
			buildActionMask = 2147483647;
			files = (
				2DD06D2D1BFAAB7D0028E2F5 /* DetailViewController.swift in Sources */,
				2DD06D2B1BFAAB7D0028E2F5 /* MasterViewController.swift in Sources */,
				2DD06D291BFAAB7D0028E2F5 /* AppDelegate.swift in Sources */,
			);
			runOnlyForDeploymentPostprocessing = 0;
		};
/* End PBXSourcesBuildPhase section */

/* Begin PBXVariantGroup section */
		2DD06D2E1BFAAB7D0028E2F5 /* Main.storyboard */ = {
			isa = PBXVariantGroup;
			children = (
				2DD06D2F1BFAAB7D0028E2F5 /* Base */,
			);
			name = Main.storyboard;
			sourceTree = "<group>";
		};
		2DD06D331BFAAB7D0028E2F5 /* LaunchScreen.storyboard */ = {
			isa = PBXVariantGroup;
			children = (
				2DD06D341BFAAB7D0028E2F5 /* Base */,
			);
			name = LaunchScreen.storyboard;
			sourceTree = "<group>";
		};
/* End PBXVariantGroup section */

/* Begin XCBuildConfiguration section */
		2DD06D371BFAAB7D0028E2F5 /* Debug */ = {
			isa = XCBuildConfiguration;
			buildSettings = {
				ALWAYS_SEARCH_USER_PATHS = NO;
				CLANG_CXX_LANGUAGE_STANDARD = "gnu++0x";
				CLANG_CXX_LIBRARY = "libc++";
				CLANG_ENABLE_MODULES = YES;
				CLANG_ENABLE_OBJC_ARC = YES;
				CLANG_WARN_BOOL_CONVERSION = YES;
				CLANG_WARN_CONSTANT_CONVERSION = YES;
				CLANG_WARN_DIRECT_OBJC_ISA_USAGE = YES_ERROR;
				CLANG_WARN_EMPTY_BODY = YES;
				CLANG_WARN_ENUM_CONVERSION = YES;
				CLANG_WARN_INT_CONVERSION = YES;
				CLANG_WARN_OBJC_ROOT_CLASS = YES_ERROR;
				CLANG_WARN_UNREACHABLE_CODE = YES;
				CLANG_WARN__DUPLICATE_METHOD_MATCH = YES;
				"CODE_SIGN_IDENTITY[sdk=iphoneos*]" = "iPhone Developer";
				COPY_PHASE_STRIP = NO;
				DEBUG_INFORMATION_FORMAT = dwarf;
				ENABLE_STRICT_OBJC_MSGSEND = YES;
				ENABLE_TESTABILITY = YES;
				GCC_C_LANGUAGE_STANDARD = gnu99;
				GCC_DYNAMIC_NO_PIC = NO;
				GCC_NO_COMMON_BLOCKS = YES;
				GCC_OPTIMIZATION_LEVEL = 0;
				GCC_PREPROCESSOR_DEFINITIONS = (
					"DEBUG=1",
					"$(inherited)",
				);
				GCC_WARN_64_TO_32_BIT_CONVERSION = YES;
				GCC_WARN_ABOUT_RETURN_TYPE = YES_ERROR;
				GCC_WARN_UNDECLARED_SELECTOR = YES;
				GCC_WARN_UNINITIALIZED_AUTOS = YES_AGGRESSIVE;
				GCC_WARN_UNUSED_FUNCTION = YES;
				GCC_WARN_UNUSED_VARIABLE = YES;
				IPHONEOS_DEPLOYMENT_TARGET = 9.1;
				MTL_ENABLE_DEBUG_INFO = YES;
				ONLY_ACTIVE_ARCH = YES;
				SDKROOT = iphoneos;
				SWIFT_OPTIMIZATION_LEVEL = "-Onone";
			};
			name = Debug;
		};
		2DD06D381BFAAB7D0028E2F5 /* Release */ = {
			isa = XCBuildConfiguration;
			buildSettings = {
				ALWAYS_SEARCH_USER_PATHS = NO;
				CLANG_CXX_LANGUAGE_STANDARD = "gnu++0x";
				CLANG_CXX_LIBRARY = "libc++";
				CLANG_ENABLE_MODULES = YES;
				CLANG_ENABLE_OBJC_ARC = YES;
				CLANG_WARN_BOOL_CONVERSION = YES;
				CLANG_WARN_CONSTANT_CONVERSION = YES;
				CLANG_WARN_DIRECT_OBJC_ISA_USAGE = YES_ERROR;
				CLANG_WARN_EMPTY_BODY = YES;
				CLANG_WARN_ENUM_CONVERSION = YES;
				CLANG_WARN_INT_CONVERSION = YES;
				CLANG_WARN_OBJC_ROOT_CLASS = YES_ERROR;
				CLANG_WARN_UNREACHABLE_CODE = YES;
				CLANG_WARN__DUPLICATE_METHOD_MATCH = YES;
				"CODE_SIGN_IDENTITY[sdk=iphoneos*]" = "iPhone Developer";
				COPY_PHASE_STRIP = NO;
				DEBUG_INFORMATION_FORMAT = "dwarf-with-dsym";
				ENABLE_NS_ASSERTIONS = NO;
				ENABLE_STRICT_OBJC_MSGSEND = YES;
				GCC_C_LANGUAGE_STANDARD = gnu99;
				GCC_NO_COMMON_BLOCKS = YES;
				GCC_WARN_64_TO_32_BIT_CONVERSION = YES;
				GCC_WARN_ABOUT_RETURN_TYPE = YES_ERROR;
				GCC_WARN_UNDECLARED_SELECTOR = YES;
				GCC_WARN_UNINITIALIZED_AUTOS = YES_AGGRESSIVE;
				GCC_WARN_UNUSED_FUNCTION = YES;
				GCC_WARN_UNUSED_VARIABLE = YES;
				IPHONEOS_DEPLOYMENT_TARGET = 9.1;
				MTL_ENABLE_DEBUG_INFO = NO;
				SDKROOT = iphoneos;
				VALIDATE_PRODUCT = YES;
			};
			name = Release;
		};
		2DD06D3A1BFAAB7D0028E2F5 /* Debug */ = {
			isa = XCBuildConfiguration;
			buildSettings = {
				ASSETCATALOG_COMPILER_APPICON_NAME = AppIcon;
				INFOPLIST_FILE = SwiftExample06/Info.plist;
				LD_RUNPATH_SEARCH_PATHS = "$(inherited) @executable_path/Frameworks";
				PRODUCT_BUNDLE_IDENTIFIER = exstalis.SwiftExample06;
				PRODUCT_NAME = "$(TARGET_NAME)";
			};
			name = Debug;
		};
		2DD06D3B1BFAAB7D0028E2F5 /* Release */ = {
			isa = XCBuildConfiguration;
			buildSettings = {
				ASSETCATALOG_COMPILER_APPICON_NAME = AppIcon;
				INFOPLIST_FILE = SwiftExample06/Info.plist;
				LD_RUNPATH_SEARCH_PATHS = "$(inherited) @executable_path/Frameworks";
				PRODUCT_BUNDLE_IDENTIFIER = exstalis.SwiftExample06;
				PRODUCT_NAME = "$(TARGET_NAME)";
			};
			name = Release;
		};
/* End XCBuildConfiguration section */

/* Begin XCConfigurationList section */
		2DD06D201BFAAB7D0028E2F5 /* Build configuration list for PBXProject "SwiftExample06" */ = {
			isa = XCConfigurationList;
			buildConfigurations = (
				2DD06D371BFAAB7D0028E2F5 /* Debug */,
				2DD06D381BFAAB7D0028E2F5 /* Release */,
			);
			defaultConfigurationIsVisible = 0;
			defaultConfigurationName = Release;
		};
		2DD06D391BFAAB7D0028E2F5 /* Build configuration list for PBXNativeTarget "SwiftExample06" */ = {
			isa = XCConfigurationList;
			buildConfigurations = (
				2DD06D3A1BFAAB7D0028E2F5 /* Debug */,
				2DD06D3B1BFAAB7D0028E2F5 /* Release */,
			);
			defaultConfigurationIsVisible = 0;
		};
/* End XCConfigurationList section */
	};
	rootObject = 2DD06D1D1BFAAB7D0028E2F5 /* Project object */;
}
